
Microsoft Visual Studio Solution File, Format Version 12.00
# Visual Studio Version 16
VisualStudioVersion = 16.0.32002.261
MinimumVisualStudioVersion = 10.0.40219.1
Project("{FAE04EC0-301F-11D3-BF4B-00C04F79EFBC}") = "WebUngTuyenViecLamIT", "WebUngTuyenViecLamIT.csproj", "{D4631B9E-FB80-4CA1-92E9-716C766FFC95}"
EndProject
Global
	GlobalSection(SolutionConfigurationPlatforms) = preSolution
		Debug|Any CPU = Debug|Any CPU
		Release|Any CPU = Release|Any CPU
	EndGlobalSection
	GlobalSection(ProjectConfigurationPlatforms) = postSolution
		{D4631B9E-FB80-4CA1-92E9-716C766FFC95}.Debug|Any CPU.ActiveCfg = Debug|Any CPU
		{D4631B9E-FB80-4CA1-92E9-716C766FFC95}.Debug|Any CPU.Build.0 = Debug|Any CPU
		{D4631B9E-FB80-4CA1-92E9-716C766FFC95}.Release|Any CPU.ActiveCfg = Release|Any CPU
		{D4631B9E-FB80-4CA1-92E9-716C766FFC95}.Release|Any CPU.Build.0 = Release|Any CPU
	EndGlobalSection
	GlobalSection(SolutionProperties) = preSolution
		HideSolutionNode = FALSE
	EndGlobalSection
	GlobalSection(ExtensibilityGlobals) = postSolution
		SolutionGuid = {44EAB45C-B15A-43EE-ADAE-9B1F2053050A}
	EndGlobalSection
EndGlobal
